
Microsoft Visual Studio Solution File, Format Version 12.00
# Visual Studio Version 17
VisualStudioVersion = 17.1.32319.34
MinimumVisualStudioVersion = 10.0.40219.1
Project("{FAE04EC0-301F-11D3-BF4B-00C04F79EFBC}") = "StevenAzureCourseBe", "StevenAzureCourseBe\StevenAzureCourseBe.csproj", "{97FBD9E8-6197-448E-8CA6-CEB1716F2AD6}"
EndProject
Global
	GlobalSection(SolutionConfigurationPlatforms) = preSolution
		Debug|Any CPU = Debug|Any CPU
		Release|Any CPU = Release|Any CPU
	EndGlobalSection
	GlobalSection(ProjectConfigurationPlatforms) = postSolution
		{97FBD9E8-6197-448E-8CA6-CEB1716F2AD6}.Debug|Any CPU.ActiveCfg = Debug|Any CPU
		{97FBD9E8-6197-448E-8CA6-CEB1716F2AD6}.Debug|Any CPU.Build.0 = Debug|Any CPU
		{97FBD9E8-6197-448E-8CA6-CEB1716F2AD6}.Release|Any CPU.ActiveCfg = Release|Any CPU
		{97FBD9E8-6197-448E-8CA6-CEB1716F2AD6}.Release|Any CPU.Build.0 = Release|Any CPU
	EndGlobalSection
	GlobalSection(SolutionProperties) = preSolution
		HideSolutionNode = FALSE
	EndGlobalSection
	GlobalSection(ExtensibilityGlobals) = postSolution
		SolutionGuid = {9FE21EAF-90DE-482D-B7A6-76EB1E063E9A}
	EndGlobalSection
EndGlobal
